// !$*UTF8*$!
{
	archiveVersion = 1;
	classes = {
	};
	objectVersion = 56;
	objects = {

/* Begin PBXBuildFile section */
		04D3137829FA6E3D00FE9C17 /* AppDelegate.swift in Sources */ = {isa = PBXBuildFile; fileRef = 04D3137729FA6E3D00FE9C17 /* AppDelegate.swift */; };
		04D3137A29FA6E3D00FE9C17 /* SceneDelegate.swift in Sources */ = {isa = PBXBuildFile; fileRef = 04D3137929FA6E3D00FE9C17 /* SceneDelegate.swift */; };
		04D3137C29FA6E3D00FE9C17 /* ViewController.swift in Sources */ = {isa = PBXBuildFile; fileRef = 04D3137B29FA6E3D00FE9C17 /* ViewController.swift */; };
		04D3137F29FA6E3D00FE9C17 /* Main.storyboard in Resources */ = {isa = PBXBuildFile; fileRef = 04D3137D29FA6E3D00FE9C17 /* Main.storyboard */; };
		04D3138129FA6E3F00FE9C17 /* Assets.xcassets in Resources */ = {isa = PBXBuildFile; fileRef = 04D3138029FA6E3F00FE9C17 /* Assets.xcassets */; };
		04D3138429FA6E3F00FE9C17 /* LaunchScreen.storyboard in Resources */ = {isa = PBXBuildFile; fileRef = 04D3138229FA6E3F00FE9C17 /* LaunchScreen.storyboard */; };
		04D3138F29FA6E4000FE9C17 /* mvcTests.swift in Sources */ = {isa = PBXBuildFile; fileRef = 04D3138E29FA6E4000FE9C17 /* mvcTests.swift */; };
		04D3139929FA6E4000FE9C17 /* mvcUITests.swift in Sources */ = {isa = PBXBuildFile; fileRef = 04D3139829FA6E4000FE9C17 /* mvcUITests.swift */; };
		04D3139B29FA6E4000FE9C17 /* mvcUITestsLaunchTests.swift in Sources */ = {isa = PBXBuildFile; fileRef = 04D3139A29FA6E4000FE9C17 /* mvcUITestsLaunchTests.swift */; };
		04D313A829FA6EFD00FE9C17 /* ProductCell.swift in Sources */ = {isa = PBXBuildFile; fileRef = 04D313A729FA6EFD00FE9C17 /* ProductCell.swift */; };
		04D313AA29FA6F3700FE9C17 /* Tabbar.swift in Sources */ = {isa = PBXBuildFile; fileRef = 04D313A929FA6F3700FE9C17 /* Tabbar.swift */; };
		04D313AC29FA6F4F00FE9C17 /* Netwokr.swift in Sources */ = {isa = PBXBuildFile; fileRef = 04D313AB29FA6F4F00FE9C17 /* Netwokr.swift */; };
		04D313B129FA6FA800FE9C17 /* model.swift in Sources */ = {isa = PBXBuildFile; fileRef = 04D313B029FA6FA800FE9C17 /* model.swift */; };
		04D313B329FA6FC600FE9C17 /* maincontroller.swift in Sources */ = {isa = PBXBuildFile; fileRef = 04D313B229FA6FC600FE9C17 /* maincontroller.swift */; };
		04D313B529FA700100FE9C17 /* mainconrt.swift in Sources */ = {isa = PBXBuildFile; fileRef = 04D313B429FA700100FE9C17 /* mainconrt.swift */; };
		04D313B729FA708200FE9C17 /* FavouriteViewController.swift in Sources */ = {isa = PBXBuildFile; fileRef = 04D313B629FA708200FE9C17 /* FavouriteViewController.swift */; };
		4D07C3827CC938A216423CC5 /* Pods_mvc_mvcUITests.framework in Frameworks */ = {isa = PBXBuildFile; fileRef = D4F49C76A7636AFBCAEC49DC /* Pods_mvc_mvcUITests.framework */; };
		A51E749D46A099C3EABAFFB4 /* Pods_mvcTests.framework in Frameworks */ = {isa = PBXBuildFile; fileRef = 42F31200D6A4076833270D5F /* Pods_mvcTests.framework */; };
		FCE307C36249827E39D7FCDD /* Pods_mvc.framework in Frameworks */ = {isa = PBXBuildFile; fileRef = A25D7A6CF6EC07B1A6479E75 /* Pods_mvc.framework */; };
/* End PBXBuildFile section */

/* Begin PBXContainerItemProxy section */
		04D3138B29FA6E4000FE9C17 /* PBXContainerItemProxy */ = {
			isa = PBXContainerItemProxy;
			containerPortal = 04D3136C29FA6E3D00FE9C17 /* Project object */;
			proxyType = 1;
			remoteGlobalIDString = 04D3137329FA6E3D00FE9C17;
			remoteInfo = mvc;
		};
		04D3139529FA6E4000FE9C17 /* PBXContainerItemProxy */ = {
			isa = PBXContainerItemProxy;
			containerPortal = 04D3136C29FA6E3D00FE9C17 /* Project object */;
			proxyType = 1;
			remoteGlobalIDString = 04D3137329FA6E3D00FE9C17;
			remoteInfo = mvc;
		};
/* End PBXContainerItemProxy section */

/* Begin PBXFileReference section */
		04D3137429FA6E3D00FE9C17 /* mvc.app */ = {isa = PBXFileReference; explicitFileType = wrapper.application; includeInIndex = 0; path = mvc.app; sourceTree = BUILT_PRODUCTS_DIR; };
		04D3137729FA6E3D00FE9C17 /* AppDelegate.swift */ = {isa = PBXFileReference; lastKnownFileType = sourcecode.swift; path = AppDelegate.swift; sourceTree = "<group>"; };
		04D3137929FA6E3D00FE9C17 /* SceneDelegate.swift */ = {isa = PBXFileReference; lastKnownFileType = sourcecode.swift; path = SceneDelegate.swift; sourceTree = "<group>"; };
		04D3137B29FA6E3D00FE9C17 /* ViewController.swift */ = {isa = PBXFileReference; lastKnownFileType = sourcecode.swift; path = ViewController.swift; sourceTree = "<group>"; };
		04D3137E29FA6E3D00FE9C17 /* Base */ = {isa = PBXFileReference; lastKnownFileType = file.storyboard; name = Base; path = Base.lproj/Main.storyboard; sourceTree = "<group>"; };
		04D3138029FA6E3F00FE9C17 /* Assets.xcassets */ = {isa = PBXFileReference; lastKnownFileType = folder.assetcatalog; path = Assets.xcassets; sourceTree = "<group>"; };
		04D3138329FA6E3F00FE9C17 /* Base */ = {isa = PBXFileReference; lastKnownFileType = file.storyboard; name = Base; path = Base.lproj/LaunchScreen.storyboard; sourceTree = "<group>"; };
		04D3138529FA6E3F00FE9C17 /* Info.plist */ = {isa = PBXFileReference; lastKnownFileType = text.plist.xml; path = Info.plist; sourceTree = "<group>"; };
		04D3138A29FA6E4000FE9C17 /* mvcTests.xctest */ = {isa = PBXFileReference; explicitFileType = wrapper.cfbundle; includeInIndex = 0; path = mvcTests.xctest; sourceTree = BUILT_PRODUCTS_DIR; };
		04D3138E29FA6E4000FE9C17 /* mvcTests.swift */ = {isa = PBXFileReference; lastKnownFileType = sourcecode.swift; path = mvcTests.swift; sourceTree = "<group>"; };
		04D3139429FA6E4000FE9C17 /* mvcUITests.xctest */ = {isa = PBXFileReference; explicitFileType = wrapper.cfbundle; includeInIndex = 0; path = mvcUITests.xctest; sourceTree = BUILT_PRODUCTS_DIR; };
		04D3139829FA6E4000FE9C17 /* mvcUITests.swift */ = {isa = PBXFileReference; lastKnownFileType = sourcecode.swift; path = mvcUITests.swift; sourceTree = "<group>"; };
		04D3139A29FA6E4000FE9C17 /* mvcUITestsLaunchTests.swift */ = {isa = PBXFileReference; lastKnownFileType = sourcecode.swift; path = mvcUITestsLaunchTests.swift; sourceTree = "<group>"; };
		04D313A729FA6EFD00FE9C17 /* ProductCell.swift */ = {isa = PBXFileReference; lastKnownFileType = sourcecode.swift; path = ProductCell.swift; sourceTree = "<group>"; };
		04D313A929FA6F3700FE9C17 /* Tabbar.swift */ = {isa = PBXFileReference; lastKnownFileType = sourcecode.swift; path = Tabbar.swift; sourceTree = "<group>"; };
		04D313AB29FA6F4F00FE9C17 /* Netwokr.swift */ = {isa = PBXFileReference; lastKnownFileType = sourcecode.swift; path = Netwokr.swift; sourceTree = "<group>"; };
		04D313B029FA6FA800FE9C17 /* model.swift */ = {isa = PBXFileReference; lastKnownFileType = sourcecode.swift; path = model.swift; sourceTree = "<group>"; };
		04D313B229FA6FC600FE9C17 /* maincontroller.swift */ = {isa = PBXFileReference; lastKnownFileType = sourcecode.swift; path = maincontroller.swift; sourceTree = "<group>"; };
		04D313B429FA700100FE9C17 /* mainconrt.swift */ = {isa = PBXFileReference; lastKnownFileType = sourcecode.swift; path = mainconrt.swift; sourceTree = "<group>"; };
		04D313B629FA708200FE9C17 /* FavouriteViewController.swift */ = {isa = PBXFileReference; lastKnownFileType = sourcecode.swift; path = FavouriteViewController.swift; sourceTree = "<group>"; };
		3872879DA98E9195851B7C60 /* Pods-mvcTests.debug.xcconfig */ = {isa = PBXFileReference; includeInIndex = 1; lastKnownFileType = text.xcconfig; name = "Pods-mvcTests.debug.xcconfig"; path = "Target Support Files/Pods-mvcTests/Pods-mvcTests.debug.xcconfig"; sourceTree = "<group>"; };
		42F31200D6A4076833270D5F /* Pods_mvcTests.framework */ = {isa = PBXFileReference; explicitFileType = wrapper.framework; includeInIndex = 0; path = Pods_mvcTests.framework; sourceTree = BUILT_PRODUCTS_DIR; };
		58A0B19E7F04B17BFB15793C /* Pods-mvcTests.release.xcconfig */ = {isa = PBXFileReference; includeInIndex = 1; lastKnownFileType = text.xcconfig; name = "Pods-mvcTests.release.xcconfig"; path = "Target Support Files/Pods-mvcTests/Pods-mvcTests.release.xcconfig"; sourceTree = "<group>"; };
		8C6F328FC57744515FA1190F /* Pods-mvc-mvcUITests.release.xcconfig */ = {isa = PBXFileReference; includeInIndex = 1; lastKnownFileType = text.xcconfig; name = "Pods-mvc-mvcUITests.release.xcconfig"; path = "Target Support Files/Pods-mvc-mvcUITests/Pods-mvc-mvcUITests.release.xcconfig"; sourceTree = "<group>"; };
		A25D7A6CF6EC07B1A6479E75 /* Pods_mvc.framework */ = {isa = PBXFileReference; explicitFileType = wrapper.framework; includeInIndex = 0; path = Pods_mvc.framework; sourceTree = BUILT_PRODUCTS_DIR; };
		ACBB280E425500C93DE34485 /* Pods-mvc.release.xcconfig */ = {isa = PBXFileReference; includeInIndex = 1; lastKnownFileType = text.xcconfig; name = "Pods-mvc.release.xcconfig"; path = "Target Support Files/Pods-mvc/Pods-mvc.release.xcconfig"; sourceTree = "<group>"; };
		B72CBB8E1D36008C0EB33297 /* Pods-mvc.debug.xcconfig */ = {isa = PBXFileReference; includeInIndex = 1; lastKnownFileType = text.xcconfig; name = "Pods-mvc.debug.xcconfig"; path = "Target Support Files/Pods-mvc/Pods-mvc.debug.xcconfig"; sourceTree = "<group>"; };
		C26AD7D200E75B3A3E3C13A4 /* Pods-mvc-mvcUITests.debug.xcconfig */ = {isa = PBXFileReference; includeInIndex = 1; lastKnownFileType = text.xcconfig; name = "Pods-mvc-mvcUITests.debug.xcconfig"; path = "Target Support Files/Pods-mvc-mvcUITests/Pods-mvc-mvcUITests.debug.xcconfig"; sourceTree = "<group>"; };
		D4F49C76A7636AFBCAEC49DC /* Pods_mvc_mvcUITests.framework */ = {isa = PBXFileReference; explicitFileType = wrapper.framework; includeInIndex = 0; path = Pods_mvc_mvcUITests.framework; sourceTree = BUILT_PRODUCTS_DIR; };
/* End PBXFileReference section */

/* Begin PBXFrameworksBuildPhase section */
		04D3137129FA6E3D00FE9C17 /* Frameworks */ = {
			isa = PBXFrameworksBuildPhase;
			buildActionMask = 2147483647;
			files = (
				FCE307C36249827E39D7FCDD /* Pods_mvc.framework in Frameworks */,
			);
			runOnlyForDeploymentPostprocessing = 0;
		};
		04D3138729FA6E4000FE9C17 /* Frameworks */ = {
			isa = PBXFrameworksBuildPhase;
			buildActionMask = 2147483647;
			files = (
				A51E749D46A099C3EABAFFB4 /* Pods_mvcTests.framework in Frameworks */,
			);
			runOnlyForDeploymentPostprocessing = 0;
		};
		04D3139129FA6E4000FE9C17 /* Frameworks */ = {
			isa = PBXFrameworksBuildPhase;
			buildActionMask = 2147483647;
			files = (
				4D07C3827CC938A216423CC5 /* Pods_mvc_mvcUITests.framework in Frameworks */,
			);
			runOnlyForDeploymentPostprocessing = 0;
		};
/* End PBXFrameworksBuildPhase section */

/* Begin PBXGroup section */
		04D3136B29FA6E3D00FE9C17 = {
			isa = PBXGroup;
			children = (
				04D3137629FA6E3D00FE9C17 /* mvc */,
				04D3138D29FA6E4000FE9C17 /* mvcTests */,
				04D3139729FA6E4000FE9C17 /* mvcUITests */,
				04D3137529FA6E3D00FE9C17 /* Products */,
				369DA324046EC7950267F570 /* Pods */,
				1BB6B20E5FED9583E3A425DE /* Frameworks */,
			);
			sourceTree = "<group>";
		};
		04D3137529FA6E3D00FE9C17 /* Products */ = {
			isa = PBXGroup;
			children = (
				04D3137429FA6E3D00FE9C17 /* mvc.app */,
				04D3138A29FA6E4000FE9C17 /* mvcTests.xctest */,
				04D3139429FA6E4000FE9C17 /* mvcUITests.xctest */,
			);
			name = Products;
			sourceTree = "<group>";
		};
		04D3137629FA6E3D00FE9C17 /* mvc */ = {
			isa = PBXGroup;
			children = (
				04D313AD29FA6F7D00FE9C17 /* main */,
				04D3137729FA6E3D00FE9C17 /* AppDelegate.swift */,
				04D3137929FA6E3D00FE9C17 /* SceneDelegate.swift */,
				04D3137B29FA6E3D00FE9C17 /* ViewController.swift */,
				04D3137D29FA6E3D00FE9C17 /* Main.storyboard */,
				04D3138029FA6E3F00FE9C17 /* Assets.xcassets */,
				04D3138229FA6E3F00FE9C17 /* LaunchScreen.storyboard */,
				04D3138529FA6E3F00FE9C17 /* Info.plist */,
				04D313A729FA6EFD00FE9C17 /* ProductCell.swift */,
				04D313A929FA6F3700FE9C17 /* Tabbar.swift */,
				04D313AB29FA6F4F00FE9C17 /* Netwokr.swift */,
				04D313B629FA708200FE9C17 /* FavouriteViewController.swift */,
			);
			path = mvc;
			sourceTree = "<group>";
		};
		04D3138D29FA6E4000FE9C17 /* mvcTests */ = {
			isa = PBXGroup;
			children = (
				04D3138E29FA6E4000FE9C17 /* mvcTests.swift */,
			);
			path = mvcTests;
			sourceTree = "<group>";
		};
		04D3139729FA6E4000FE9C17 /* mvcUITests */ = {
			isa = PBXGroup;
			children = (
				04D3139829FA6E4000FE9C17 /* mvcUITests.swift */,
				04D3139A29FA6E4000FE9C17 /* mvcUITestsLaunchTests.swift */,
			);
			path = mvcUITests;
			sourceTree = "<group>";
		};
		04D313AD29FA6F7D00FE9C17 /* main */ = {
			isa = PBXGroup;
			children = (
				04D313B029FA6FA800FE9C17 /* model.swift */,
				04D313B229FA6FC600FE9C17 /* maincontroller.swift */,
				04D313B429FA700100FE9C17 /* mainconrt.swift */,
			);
			path = main;
			sourceTree = "<group>";
		};
		1BB6B20E5FED9583E3A425DE /* Frameworks */ = {
			isa = PBXGroup;
			children = (
				A25D7A6CF6EC07B1A6479E75 /* Pods_mvc.framework */,
				D4F49C76A7636AFBCAEC49DC /* Pods_mvc_mvcUITests.framework */,
				42F31200D6A4076833270D5F /* Pods_mvcTests.framework */,
			);
			name = Frameworks;
			sourceTree = "<group>";
		};
		369DA324046EC7950267F570 /* Pods */ = {
			isa = PBXGroup;
			children = (
				B72CBB8E1D36008C0EB33297 /* Pods-mvc.debug.xcconfig */,
				ACBB280E425500C93DE34485 /* Pods-mvc.release.xcconfig */,
				C26AD7D200E75B3A3E3C13A4 /* Pods-mvc-mvcUITests.debug.xcconfig */,
				8C6F328FC57744515FA1190F /* Pods-mvc-mvcUITests.release.xcconfig */,
				3872879DA98E9195851B7C60 /* Pods-mvcTests.debug.xcconfig */,
				58A0B19E7F04B17BFB15793C /* Pods-mvcTests.release.xcconfig */,
			);
			path = Pods;
			sourceTree = "<group>";
		};
/* End PBXGroup section */

/* Begin PBXNativeTarget section */
		04D3137329FA6E3D00FE9C17 /* mvc */ = {
			isa = PBXNativeTarget;
			buildConfigurationList = 04D3139E29FA6E4000FE9C17 /* Build configuration list for PBXNativeTarget "mvc" */;
			buildPhases = (
				8BBD65328E7C86C2A9AE8ECB /* [CP] Check Pods Manifest.lock */,
				04D3137029FA6E3D00FE9C17 /* Sources */,
				04D3137129FA6E3D00FE9C17 /* Frameworks */,
				04D3137229FA6E3D00FE9C17 /* Resources */,
				D961AB5FDD47C5FEADF1969D /* [CP] Embed Pods Frameworks */,
			);
			buildRules = (
			);
			dependencies = (
			);
			name = mvc;
			productName = mvc;
			productReference = 04D3137429FA6E3D00FE9C17 /* mvc.app */;
			productType = "com.apple.product-type.application";
		};
		04D3138929FA6E4000FE9C17 /* mvcTests */ = {
			isa = PBXNativeTarget;
			buildConfigurationList = 04D313A129FA6E4000FE9C17 /* Build configuration list for PBXNativeTarget "mvcTests" */;
			buildPhases = (
				E263788E2018AE0D82907163 /* [CP] Check Pods Manifest.lock */,
				04D3138629FA6E4000FE9C17 /* Sources */,
				04D3138729FA6E4000FE9C17 /* Frameworks */,
				04D3138829FA6E4000FE9C17 /* Resources */,
			);
			buildRules = (
			);
			dependencies = (
				04D3138C29FA6E4000FE9C17 /* PBXTargetDependency */,
			);
			name = mvcTests;
			productName = mvcTests;
			productReference = 04D3138A29FA6E4000FE9C17 /* mvcTests.xctest */;
			productType = "com.apple.product-type.bundle.unit-test";
		};
		04D3139329FA6E4000FE9C17 /* mvcUITests */ = {
			isa = PBXNativeTarget;
			buildConfigurationList = 04D313A429FA6E4000FE9C17 /* Build configuration list for PBXNativeTarget "mvcUITests" */;
			buildPhases = (
				206324A9FE9BEA77A9860A1A /* [CP] Check Pods Manifest.lock */,
				04D3139029FA6E4000FE9C17 /* Sources */,
				04D3139129FA6E4000FE9C17 /* Frameworks */,
				04D3139229FA6E4000FE9C17 /* Resources */,
				D93921CC08E74B492E918534 /* [CP] Embed Pods Frameworks */,
			);
			buildRules = (
			);
			dependencies = (
				04D3139629FA6E4000FE9C17 /* PBXTargetDependency */,
			);
			name = mvcUITests;
			productName = mvcUITests;
			productReference = 04D3139429FA6E4000FE9C17 /* mvcUITests.xctest */;
			productType = "com.apple.product-type.bundle.ui-testing";
		};
/* End PBXNativeTarget section */

/* Begin PBXProject section */
		04D3136C29FA6E3D00FE9C17 /* Project object */ = {
			isa = PBXProject;
			attributes = {
				BuildIndependentTargetsInParallel = 1;
				LastSwiftUpdateCheck = 1410;
				LastUpgradeCheck = 1410;
				TargetAttributes = {
					04D3137329FA6E3D00FE9C17 = {
						CreatedOnToolsVersion = 14.1;
					};
					04D3138929FA6E4000FE9C17 = {
						CreatedOnToolsVersion = 14.1;
						TestTargetID = 04D3137329FA6E3D00FE9C17;
					};
					04D3139329FA6E4000FE9C17 = {
						CreatedOnToolsVersion = 14.1;
						TestTargetID = 04D3137329FA6E3D00FE9C17;
					};
				};
			};
			buildConfigurationList = 04D3136F29FA6E3D00FE9C17 /* Build configuration list for PBXProject "mvc" */;
			compatibilityVersion = "Xcode 14.0";
			developmentRegion = en;
			hasScannedForEncodings = 0;
			knownRegions = (
				en,
				Base,
			);
			mainGroup = 04D3136B29FA6E3D00FE9C17;
			productRefGroup = 04D3137529FA6E3D00FE9C17 /* Products */;
			projectDirPath = "";
			projectRoot = "";
			targets = (
				04D3137329FA6E3D00FE9C17 /* mvc */,
				04D3138929FA6E4000FE9C17 /* mvcTests */,
				04D3139329FA6E4000FE9C17 /* mvcUITests */,
			);
		};
/* End PBXProject section */

/* Begin PBXResourcesBuildPhase section */
		04D3137229FA6E3D00FE9C17 /* Resources */ = {
			isa = PBXResourcesBuildPhase;
			buildActionMask = 2147483647;
			files = (
				04D3138429FA6E3F00FE9C17 /* LaunchScreen.storyboard in Resources */,
				04D3138129FA6E3F00FE9C17 /* Assets.xcassets in Resources */,
				04D3137F29FA6E3D00FE9C17 /* Main.storyboard in Resources */,
			);
			runOnlyForDeploymentPostprocessing = 0;
		};
		04D3138829FA6E4000FE9C17 /* Resources */ = {
			isa = PBXResourcesBuildPhase;
			buildActionMask = 2147483647;
			files = (
			);
			runOnlyForDeploymentPostprocessing = 0;
		};
		04D3139229FA6E4000FE9C17 /* Resources */ = {
			isa = PBXResourcesBuildPhase;
			buildActionMask = 2147483647;
			files = (
			);
			runOnlyForDeploymentPostprocessing = 0;
		};
/* End PBXResourcesBuildPhase section */

/* Begin PBXShellScriptBuildPhase section */
		206324A9FE9BEA77A9860A1A /* [CP] Check Pods Manifest.lock */ = {
			isa = PBXShellScriptBuildPhase;
			buildActionMask = 2147483647;
			files = (
			);
			inputFileListPaths = (
			);
			inputPaths = (
				"${PODS_PODFILE_DIR_PATH}/Podfile.lock",
				"${PODS_ROOT}/Manifest.lock",
			);
			name = "[CP] Check Pods Manifest.lock";
			outputFileListPaths = (
			);
			outputPaths = (
				"$(DERIVED_FILE_DIR)/Pods-mvc-mvcUITests-checkManifestLockResult.txt",
			);
			runOnlyForDeploymentPostprocessing = 0;
			shellPath = /bin/sh;
			shellScript = "diff \"${PODS_PODFILE_DIR_PATH}/Podfile.lock\" \"${PODS_ROOT}/Manifest.lock\" > /dev/null\nif [ $? != 0 ] ; then\n    # print error to STDERR\n    echo \"error: The sandbox is not in sync with the Podfile.lock. Run 'pod install' or update your CocoaPods installation.\" >&2\n    exit 1\nfi\n# This output is used by Xcode 'outputs' to avoid re-running this script phase.\necho \"SUCCESS\" > \"${SCRIPT_OUTPUT_FILE_0}\"\n";
			showEnvVarsInLog = 0;
		};
		8BBD65328E7C86C2A9AE8ECB /* [CP] Check Pods Manifest.lock */ = {
			isa = PBXShellScriptBuildPhase;
			buildActionMask = 2147483647;
			files = (
			);
			inputFileListPaths = (
			);
			inputPaths = (
				"${PODS_PODFILE_DIR_PATH}/Podfile.lock",
				"${PODS_ROOT}/Manifest.lock",
			);
			name = "[CP] Check Pods Manifest.lock";
			outputFileListPaths = (
			);
			outputPaths = (
				"$(DERIVED_FILE_DIR)/Pods-mvc-checkManifestLockResult.txt",
			);
			runOnlyForDeploymentPostprocessing = 0;
			shellPath = /bin/sh;
			shellScript = "diff \"${PODS_PODFILE_DIR_PATH}/Podfile.lock\" \"${PODS_ROOT}/Manifest.lock\" > /dev/null\nif [ $? != 0 ] ; then\n    # print error to STDERR\n    echo \"error: The sandbox is not in sync with the Podfile.lock. Run 'pod install' or update your CocoaPods installation.\" >&2\n    exit 1\nfi\n# This output is used by Xcode 'outputs' to avoid re-running this script phase.\necho \"SUCCESS\" > \"${SCRIPT_OUTPUT_FILE_0}\"\n";
			showEnvVarsInLog = 0;
		};
		D93921CC08E74B492E918534 /* [CP] Embed Pods Frameworks */ = {
			isa = PBXShellScriptBuildPhase;
			buildActionMask = 2147483647;
			files = (
			);
			inputFileListPaths = (
				"${PODS_ROOT}/Target Support Files/Pods-mvc-mvcUITests/Pods-mvc-mvcUITests-frameworks-${CONFIGURATION}-input-files.xcfilelist",
			);
			name = "[CP] Embed Pods Frameworks";
			outputFileListPaths = (
				"${PODS_ROOT}/Target Support Files/Pods-mvc-mvcUITests/Pods-mvc-mvcUITests-frameworks-${CONFIGURATION}-output-files.xcfilelist",
			);
			runOnlyForDeploymentPostprocessing = 0;
			shellPath = /bin/sh;
			shellScript = "\"${PODS_ROOT}/Target Support Files/Pods-mvc-mvcUITests/Pods-mvc-mvcUITests-frameworks.sh\"\n";
			showEnvVarsInLog = 0;
		};
		D961AB5FDD47C5FEADF1969D /* [CP] Embed Pods Frameworks */ = {
			isa = PBXShellScriptBuildPhase;
			buildActionMask = 2147483647;
			files = (
			);
			inputFileListPaths = (
				"${PODS_ROOT}/Target Support Files/Pods-mvc/Pods-mvc-frameworks-${CONFIGURATION}-input-files.xcfilelist",
			);
			name = "[CP] Embed Pods Frameworks";
			outputFileListPaths = (
				"${PODS_ROOT}/Target Support Files/Pods-mvc/Pods-mvc-frameworks-${CONFIGURATION}-output-files.xcfilelist",
			);
			runOnlyForDeploymentPostprocessing = 0;
			shellPath = /bin/sh;
			shellScript = "\"${PODS_ROOT}/Target Support Files/Pods-mvc/Pods-mvc-frameworks.sh\"\n";
			showEnvVarsInLog = 0;
		};
		E263788E2018AE0D82907163 /* [CP] Check Pods Manifest.lock */ = {
			isa = PBXShellScriptBuildPhase;
			buildActionMask = 2147483647;
			files = (
			);
			inputFileListPaths = (
			);
			inputPaths = (
				"${PODS_PODFILE_DIR_PATH}/Podfile.lock",
				"${PODS_ROOT}/Manifest.lock",
			);
			name = "[CP] Check Pods Manifest.lock";
			outputFileListPaths = (
			);
			outputPaths = (
				"$(DERIVED_FILE_DIR)/Pods-mvcTests-checkManifestLockResult.txt",
			);
			runOnlyForDeploymentPostprocessing = 0;
			shellPath = /bin/sh;
			shellScript = "diff \"${PODS_PODFILE_DIR_PATH}/Podfile.lock\" \"${PODS_ROOT}/Manifest.lock\" > /dev/null\nif [ $? != 0 ] ; then\n    # print error to STDERR\n    echo \"error: The sandbox is not in sync with the Podfile.lock. Run 'pod install' or update your CocoaPods installation.\" >&2\n    exit 1\nfi\n# This output is used by Xcode 'outputs' to avoid re-running this script phase.\necho \"SUCCESS\" > \"${SCRIPT_OUTPUT_FILE_0}\"\n";
			showEnvVarsInLog = 0;
		};
/* End PBXShellScriptBuildPhase section */

/* Begin PBXSourcesBuildPhase section */
		04D3137029FA6E3D00FE9C17 /* Sources */ = {
			isa = PBXSourcesBuildPhase;
			buildActionMask = 2147483647;
			files = (
				04D313B329FA6FC600FE9C17 /* maincontroller.swift in Sources */,
				04D313AC29FA6F4F00FE9C17 /* Netwokr.swift in Sources */,
				04D3137C29FA6E3D00FE9C17 /* ViewController.swift in Sources */,
				04D313AA29FA6F3700FE9C17 /* Tabbar.swift in Sources */,
				04D313A829FA6EFD00FE9C17 /* ProductCell.swift in Sources */,
				04D3137829FA6E3D00FE9C17 /* AppDelegate.swift in Sources */,
				04D313B529FA700100FE9C17 /* mainconrt.swift in Sources */,
				04D3137A29FA6E3D00FE9C17 /* SceneDelegate.swift in Sources */,
				04D313B729FA708200FE9C17 /* FavouriteViewController.swift in Sources */,
				04D313B129FA6FA800FE9C17 /* model.swift in Sources */,
			);
			runOnlyForDeploymentPostprocessing = 0;
		};
		04D3138629FA6E4000FE9C17 /* Sources */ = {
			isa = PBXSourcesBuildPhase;
			buildActionMask = 2147483647;
			files = (
				04D3138F29FA6E4000FE9C17 /* mvcTests.swift in Sources */,
			);
			runOnlyForDeploymentPostprocessing = 0;
		};
		04D3139029FA6E4000FE9C17 /* Sources */ = {
			isa = PBXSourcesBuildPhase;
			buildActionMask = 2147483647;
			files = (
				04D3139929FA6E4000FE9C17 /* mvcUITests.swift in Sources */,
				04D3139B29FA6E4000FE9C17 /* mvcUITestsLaunchTests.swift in Sources */,
			);
			runOnlyForDeploymentPostprocessing = 0;
		};
/* End PBXSourcesBuildPhase section */

/* Begin PBXTargetDependency section */
		04D3138C29FA6E4000FE9C17 /* PBXTargetDependency */ = {
			isa = PBXTargetDependency;
			target = 04D3137329FA6E3D00FE9C17 /* mvc */;
			targetProxy = 04D3138B29FA6E4000FE9C17 /* PBXContainerItemProxy */;
		};
		04D3139629FA6E4000FE9C17 /* PBXTargetDependency */ = {
			isa = PBXTargetDependency;
			target = 04D3137329FA6E3D00FE9C17 /* mvc */;
			targetProxy = 04D3139529FA6E4000FE9C17 /* PBXContainerItemProxy */;
		};
/* End PBXTargetDependency section */

/* Begin PBXVariantGroup section */
		04D3137D29FA6E3D00FE9C17 /* Main.storyboard */ = {
			isa = PBXVariantGroup;
			children = (
				04D3137E29FA6E3D00FE9C17 /* Base */,
			);
			name = Main.storyboard;
			sourceTree = "<group>";
		};
		04D3138229FA6E3F00FE9C17 /* LaunchScreen.storyboard */ = {
			isa = PBXVariantGroup;
			children = (
				04D3138329FA6E3F00FE9C17 /* Base */,
			);
			name = LaunchScreen.storyboard;
			sourceTree = "<group>";
		};
/* End PBXVariantGroup section */

/* Begin XCBuildConfiguration section */
		04D3139C29FA6E4000FE9C17 /* Debug */ = {
			isa = XCBuildConfiguration;
			buildSettings = {
				ALWAYS_SEARCH_USER_PATHS = NO;
				CLANG_ANALYZER_NONNULL = YES;
				CLANG_ANALYZER_NUMBER_OBJECT_CONVERSION = YES_AGGRESSIVE;
				CLANG_CXX_LANGUAGE_STANDARD = "gnu++20";
				CLANG_ENABLE_MODULES = YES;
				CLANG_ENABLE_OBJC_ARC = YES;
				CLANG_ENABLE_OBJC_WEAK = YES;
				CLANG_WARN_BLOCK_CAPTURE_AUTORELEASING = YES;
				CLANG_WARN_BOOL_CONVERSION = YES;
				CLANG_WARN_COMMA = YES;
				CLANG_WARN_CONSTANT_CONVERSION = YES;
				CLANG_WARN_DEPRECATED_OBJC_IMPLEMENTATIONS = YES;
				CLANG_WARN_DIRECT_OBJC_ISA_USAGE = YES_ERROR;
				CLANG_WARN_DOCUMENTATION_COMMENTS = YES;
				CLANG_WARN_EMPTY_BODY = YES;
				CLANG_WARN_ENUM_CONVERSION = YES;
				CLANG_WARN_INFINITE_RECURSION = YES;
				CLANG_WARN_INT_CONVERSION = YES;
				CLANG_WARN_NON_LITERAL_NULL_CONVERSION = YES;
				CLANG_WARN_OBJC_IMPLICIT_RETAIN_SELF = YES;
				CLANG_WARN_OBJC_LITERAL_CONVERSION = YES;
				CLANG_WARN_OBJC_ROOT_CLASS = YES_ERROR;
				CLANG_WARN_QUOTED_INCLUDE_IN_FRAMEWORK_HEADER = YES;
				CLANG_WARN_RANGE_LOOP_ANALYSIS = YES;
				CLANG_WARN_STRICT_PROTOTYPES = YES;
				CLANG_WARN_SUSPICIOUS_MOVE = YES;
				CLANG_WARN_UNGUARDED_AVAILABILITY = YES_AGGRESSIVE;
				CLANG_WARN_UNREACHABLE_CODE = YES;
				CLANG_WARN__DUPLICATE_METHOD_MATCH = YES;
				COPY_PHASE_STRIP = NO;
				DEBUG_INFORMATION_FORMAT = dwarf;
				ENABLE_STRICT_OBJC_MSGSEND = YES;
				ENABLE_TESTABILITY = YES;
				GCC_C_LANGUAGE_STANDARD = gnu11;
				GCC_DYNAMIC_NO_PIC = NO;
				GCC_NO_COMMON_BLOCKS = YES;
				GCC_OPTIMIZATION_LEVEL = 0;
				GCC_PREPROCESSOR_DEFINITIONS = (
					"DEBUG=1",
					"$(inherited)",
				);
				GCC_WARN_64_TO_32_BIT_CONVERSION = YES;
				GCC_WARN_ABOUT_RETURN_TYPE = YES_ERROR;
				GCC_WARN_UNDECLARED_SELECTOR = YES;
				GCC_WARN_UNINITIALIZED_AUTOS = YES_AGGRESSIVE;
				GCC_WARN_UNUSED_FUNCTION = YES;
				GCC_WARN_UNUSED_VARIABLE = YES;
				IPHONEOS_DEPLOYMENT_TARGET = 16.1;
				MTL_ENABLE_DEBUG_INFO = INCLUDE_SOURCE;
				MTL_FAST_MATH = YES;
				ONLY_ACTIVE_ARCH = YES;
				SDKROOT = iphoneos;
				SWIFT_ACTIVE_COMPILATION_CONDITIONS = DEBUG;
				SWIFT_OPTIMIZATION_LEVEL = "-Onone";
			};
			name = Debug;
		};
		04D3139D29FA6E4000FE9C17 /* Release */ = {
			isa = XCBuildConfiguration;
			buildSettings = {
				ALWAYS_SEARCH_USER_PATHS = NO;
				CLANG_ANALYZER_NONNULL = YES;
				CLANG_ANALYZER_NUMBER_OBJECT_CONVERSION = YES_AGGRESSIVE;
				CLANG_CXX_LANGUAGE_STANDARD = "gnu++20";
				CLANG_ENABLE_MODULES = YES;
				CLANG_ENABLE_OBJC_ARC = YES;
				CLANG_ENABLE_OBJC_WEAK = YES;
				CLANG_WARN_BLOCK_CAPTURE_AUTORELEASING = YES;
				CLANG_WARN_BOOL_CONVERSION = YES;
				CLANG_WARN_COMMA = YES;
				CLANG_WARN_CONSTANT_CONVERSION = YES;
				CLANG_WARN_DEPRECATED_OBJC_IMPLEMENTATIONS = YES;
				CLANG_WARN_DIRECT_OBJC_ISA_USAGE = YES_ERROR;
				CLANG_WARN_DOCUMENTATION_COMMENTS = YES;
				CLANG_WARN_EMPTY_BODY = YES;
				CLANG_WARN_ENUM_CONVERSION = YES;
				CLANG_WARN_INFINITE_RECURSION = YES;
				CLANG_WARN_INT_CONVERSION = YES;
				CLANG_WARN_NON_LITERAL_NULL_CONVERSION = YES;
				CLANG_WARN_OBJC_IMPLICIT_RETAIN_SELF = YES;
				CLANG_WARN_OBJC_LITERAL_CONVERSION = YES;
				CLANG_WARN_OBJC_ROOT_CLASS = YES_ERROR;
				CLANG_WARN_QUOTED_INCLUDE_IN_FRAMEWORK_HEADER = YES;
				CLANG_WARN_RANGE_LOOP_ANALYSIS = YES;
				CLANG_WARN_STRICT_PROTOTYPES = YES;
				CLANG_WARN_SUSPICIOUS_MOVE = YES;
				CLANG_WARN_UNGUARDED_AVAILABILITY = YES_AGGRESSIVE;
				CLANG_WARN_UNREACHABLE_CODE = YES;
				CLANG_WARN__DUPLICATE_METHOD_MATCH = YES;
				COPY_PHASE_STRIP = NO;
				DEBUG_INFORMATION_FORMAT = "dwarf-with-dsym";
				ENABLE_NS_ASSERTIONS = NO;
				ENABLE_STRICT_OBJC_MSGSEND = YES;
				GCC_C_LANGUAGE_STANDARD = gnu11;
				GCC_NO_COMMON_BLOCKS = YES;
				GCC_WARN_64_TO_32_BIT_CONVERSION = YES;
				GCC_WARN_ABOUT_RETURN_TYPE = YES_ERROR;
				GCC_WARN_UNDECLARED_SELECTOR = YES;
				GCC_WARN_UNINITIALIZED_AUTOS = YES_AGGRESSIVE;
				GCC_WARN_UNUSED_FUNCTION = YES;
				GCC_WARN_UNUSED_VARIABLE = YES;
				IPHONEOS_DEPLOYMENT_TARGET = 16.1;
				MTL_ENABLE_DEBUG_INFO = NO;
				MTL_FAST_MATH = YES;
				SDKROOT = iphoneos;
				SWIFT_COMPILATION_MODE = wholemodule;
				SWIFT_OPTIMIZATION_LEVEL = "-O";
				VALIDATE_PRODUCT = YES;
			};
			name = Release;
		};
		04D3139F29FA6E4000FE9C17 /* Debug */ = {
			isa = XCBuildConfiguration;
			baseConfigurationReference = B72CBB8E1D36008C0EB33297 /* Pods-mvc.debug.xcconfig */;
			buildSettings = {
				ASSETCATALOG_COMPILER_APPICON_NAME = AppIcon;
				ASSETCATALOG_COMPILER_GLOBAL_ACCENT_COLOR_NAME = AccentColor;
				CODE_SIGN_STYLE = Automatic;
				CURRENT_PROJECT_VERSION = 1;
				DEVELOPMENT_TEAM = TU4A85R5R3;
				GENERATE_INFOPLIST_FILE = YES;
				INFOPLIST_FILE = mvc/Info.plist;
				INFOPLIST_KEY_UIApplicationSupportsIndirectInputEvents = YES;
				INFOPLIST_KEY_UILaunchStoryboardName = LaunchScreen;
				INFOPLIST_KEY_UIMainStoryboardFile = Main;
				INFOPLIST_KEY_UISupportedInterfaceOrientations_iPad = "UIInterfaceOrientationPortrait UIInterfaceOrientationPortraitUpsideDown UIInterfaceOrientationLandscapeLeft UIInterfaceOrientationLandscapeRight";
				INFOPLIST_KEY_UISupportedInterfaceOrientations_iPhone = "UIInterfaceOrientationPortrait UIInterfaceOrientationLandscapeLeft UIInterfaceOrientationLandscapeRight";
				LD_RUNPATH_SEARCH_PATHS = (
					"$(inherited)",
					"@executable_path/Frameworks",
				);
				MARKETING_VERSION = 1.0;
				PRODUCT_BUNDLE_IDENTIFIER = mark2.mvc;
				PRODUCT_NAME = "$(TARGET_NAME)";
				SWIFT_EMIT_LOC_STRINGS = YES;
				SWIFT_VERSION = 5.0;
				TARGETED_DEVICE_FAMILY = "1,2";
			};
			name = Debug;
		};
		04D313A029FA6E4000FE9C17 /* Release */ = {
			isa = XCBuildConfiguration;
			baseConfigurationReference = ACBB280E425500C93DE34485 /* Pods-mvc.release.xcconfig */;
			buildSettings = {
				ASSETCATALOG_COMPILER_APPICON_NAME = AppIcon;
				ASSETCATALOG_COMPILER_GLOBAL_ACCENT_COLOR_NAME = AccentColor;
				CODE_SIGN_STYLE = Automatic;
				CURRENT_PROJECT_VERSION = 1;
				DEVELOPMENT_TEAM = TU4A85R5R3;
				GENERATE_INFOPLIST_FILE = YES;
				INFOPLIST_FILE = mvc/Info.plist;
				INFOPLIST_KEY_UIApplicationSupportsIndirectInputEvents = YES;
				INFOPLIST_KEY_UILaunchStoryboardName = LaunchScreen;
				INFOPLIST_KEY_UIMainStoryboardFile = Main;
				INFOPLIST_KEY_UISupportedInterfaceOrientations_iPad = "UIInterfaceOrientationPortrait UIInterfaceOrientationPortraitUpsideDown UIInterfaceOrientationLandscapeLeft UIInterfaceOrientationLandscapeRight";
				INFOPLIST_KEY_UISupportedInterfaceOrientations_iPhone = "UIInterfaceOrientationPortrait UIInterfaceOrientationLandscapeLeft UIInterfaceOrientationLandscapeRight";
				LD_RUNPATH_SEARCH_PATHS = (
					"$(inherited)",
					"@executable_path/Frameworks",
				);
				MARKETING_VERSION = 1.0;
				PRODUCT_BUNDLE_IDENTIFIER = mark2.mvc;
				PRODUCT_NAME = "$(TARGET_NAME)";
				SWIFT_EMIT_LOC_STRINGS = YES;
				SWIFT_VERSION = 5.0;
				TARGETED_DEVICE_FAMILY = "1,2";
			};
			name = Release;
		};
		04D313A229FA6E4000FE9C17 /* Debug */ = {
			isa = XCBuildConfiguration;
			baseConfigurationReference = 3872879DA98E9195851B7C60 /* Pods-mvcTests.debug.xcconfig */;
			buildSettings = {
				ALWAYS_EMBED_SWIFT_STANDARD_LIBRARIES = YES;
				BUNDLE_LOADER = "$(TEST_HOST)";
				CODE_SIGN_STYLE = Automatic;
				CURRENT_PROJECT_VERSION = 1;
				DEVELOPMENT_TEAM = TU4A85R5R3;
				GENERATE_INFOPLIST_FILE = YES;
				IPHONEOS_DEPLOYMENT_TARGET = 16.1;
				MARKETING_VERSION = 1.0;
				PRODUCT_BUNDLE_IDENTIFIER = mark2.mvcTests;
				PRODUCT_NAME = "$(TARGET_NAME)";
				SWIFT_EMIT_LOC_STRINGS = NO;
				SWIFT_VERSION = 5.0;
				TARGETED_DEVICE_FAMILY = "1,2";
				TEST_HOST = "$(BUILT_PRODUCTS_DIR)/mvc.app/$(BUNDLE_EXECUTABLE_FOLDER_PATH)/mvc";
			};
			name = Debug;
		};
		04D313A329FA6E4000FE9C17 /* Release */ = {
			isa = XCBuildConfiguration;
			baseConfigurationReference = 58A0B19E7F04B17BFB15793C /* Pods-mvcTests.release.xcconfig */;
			buildSettings = {
				ALWAYS_EMBED_SWIFT_STANDARD_LIBRARIES = YES;
				BUNDLE_LOADER = "$(TEST_HOST)";
				CODE_SIGN_STYLE = Automatic;
				CURRENT_PROJECT_VERSION = 1;
				DEVELOPMENT_TEAM = TU4A85R5R3;
				GENERATE_INFOPLIST_FILE = YES;
				IPHONEOS_DEPLOYMENT_TARGET = 16.1;
				MARKETING_VERSION = 1.0;
				PRODUCT_BUNDLE_IDENTIFIER = mark2.mvcTests;
				PRODUCT_NAME = "$(TARGET_NAME)";
				SWIFT_EMIT_LOC_STRINGS = NO;
				SWIFT_VERSION = 5.0;
				TARGETED_DEVICE_FAMILY = "1,2";
				TEST_HOST = "$(BUILT_PRODUCTS_DIR)/mvc.app/$(BUNDLE_EXECUTABLE_FOLDER_PATH)/mvc";
			};
			name = Release;
		};
		04D313A529FA6E4000FE9C17 /* Debug */ = {
			isa = XCBuildConfiguration;
			baseConfigurationReference = C26AD7D200E75B3A3E3C13A4 /* Pods-mvc-mvcUITests.debug.xcconfig */;
			buildSettings = {
				ALWAYS_EMBED_SWIFT_STANDARD_LIBRARIES = YES;
				CODE_SIGN_STYLE = Automatic;
				CURRENT_PROJECT_VERSION = 1;
				DEVELOPMENT_TEAM = TU4A85R5R3;
				GENERATE_INFOPLIST_FILE = YES;
				MARKETING_VERSION = 1.0;
				PRODUCT_BUNDLE_IDENTIFIER = mark2.mvcUITests;
				PRODUCT_NAME = "$(TARGET_NAME)";
				SWIFT_EMIT_LOC_STRINGS = NO;
				SWIFT_VERSION = 5.0;
				TARGETED_DEVICE_FAMILY = "1,2";
				TEST_TARGET_NAME = mvc;
			};
			name = Debug;
		};
		04D313A629FA6E4000FE9C17 /* Release */ = {
			isa = XCBuildConfiguration;
			baseConfigurationReference = 8C6F328FC57744515FA1190F /* Pods-mvc-mvcUITests.release.xcconfig */;
			buildSettings = {
				ALWAYS_EMBED_SWIFT_STANDARD_LIBRARIES = YES;
				CODE_SIGN_STYLE = Automatic;
				CURRENT_PROJECT_VERSION = 1;
				DEVELOPMENT_TEAM = TU4A85R5R3;
				GENERATE_INFOPLIST_FILE = YES;
				MARKETING_VERSION = 1.0;
				PRODUCT_BUNDLE_IDENTIFIER = mark2.mvcUITests;
				PRODUCT_NAME = "$(TARGET_NAME)";
				SWIFT_EMIT_LOC_STRINGS = NO;
				SWIFT_VERSION = 5.0;
				TARGETED_DEVICE_FAMILY = "1,2";
				TEST_TARGET_NAME = mvc;
			};
			name = Release;
		};
/* End XCBuildConfiguration section */

/* Begin XCConfigurationList section */
		04D3136F29FA6E3D00FE9C17 /* Build configuration list for PBXProject "mvc" */ = {
			isa = XCConfigurationList;
			buildConfigurations = (
				04D3139C29FA6E4000FE9C17 /* Debug */,
				04D3139D29FA6E4000FE9C17 /* Release */,
			);
			defaultConfigurationIsVisible = 0;
			defaultConfigurationName = Release;
		};
		04D3139E29FA6E4000FE9C17 /* Build configuration list for PBXNativeTarget "mvc" */ = {
			isa = XCConfigurationList;
			buildConfigurations = (
				04D3139F29FA6E4000FE9C17 /* Debug */,
				04D313A029FA6E4000FE9C17 /* Release */,
			);
			defaultConfigurationIsVisible = 0;
			defaultConfigurationName = Release;
		};
		04D313A129FA6E4000FE9C17 /* Build configuration list for PBXNativeTarget "mvcTests" */ = {
			isa = XCConfigurationList;
			buildConfigurations = (
				04D313A229FA6E4000FE9C17 /* Debug */,
				04D313A329FA6E4000FE9C17 /* Release */,
			);
			defaultConfigurationIsVisible = 0;
			defaultConfigurationName = Release;
		};
		04D313A429FA6E4000FE9C17 /* Build configuration list for PBXNativeTarget "mvcUITests" */ = {
			isa = XCConfigurationList;
			buildConfigurations = (
				04D313A529FA6E4000FE9C17 /* Debug */,
				04D313A629FA6E4000FE9C17 /* Release */,
			);
			defaultConfigurationIsVisible = 0;
			defaultConfigurationName = Release;
		};
/* End XCConfigurationList section */
	};
	rootObject = 04D3136C29FA6E3D00FE9C17 /* Project object */;
}
